
Microsoft Visual Studio Solution File, Format Version 12.00
# Visual Studio 14
VisualStudioVersion = 14.0.23107.0
MinimumVisualStudioVersion = 10.0.40219.1
Project("{F14B399A-7131-4C87-9E4B-1186C45EF12D}") = "DashboardProject", "DashboardProject\DashboardProject.rptproj", "{2D3369B9-9565-41F8-BA39-EF07EB726ED9}"
EndProject
Global
	GlobalSection(SolutionConfigurationPlatforms) = preSolution
		Debug|Default = Debug|Default
		DebugLocal|Default = DebugLocal|Default
		Release|Default = Release|Default
	EndGlobalSection
	GlobalSection(ProjectConfigurationPlatforms) = postSolution
		{2D3369B9-9565-41F8-BA39-EF07EB726ED9}.Debug|Default.ActiveCfg = Debug
		{2D3369B9-9565-41F8-BA39-EF07EB726ED9}.Debug|Default.Build.0 = Debug
		{2D3369B9-9565-41F8-BA39-EF07EB726ED9}.Debug|Default.Deploy.0 = Debug
		{2D3369B9-9565-41F8-BA39-EF07EB726ED9}.DebugLocal|Default.ActiveCfg = DebugLocal
		{2D3369B9-9565-41F8-BA39-EF07EB726ED9}.DebugLocal|Default.Build.0 = DebugLocal
		{2D3369B9-9565-41F8-BA39-EF07EB726ED9}.Release|Default.ActiveCfg = Release
		{2D3369B9-9565-41F8-BA39-EF07EB726ED9}.Release|Default.Build.0 = Release
		{2D3369B9-9565-41F8-BA39-EF07EB726ED9}.Release|Default.Deploy.0 = Release
	EndGlobalSection
	GlobalSection(SolutionProperties) = preSolution
		HideSolutionNode = FALSE
	EndGlobalSection
EndGlobal
